
Microsoft Visual Studio Solution File, Format Version 12.00
# Visual Studio Version 17
VisualStudioVersion = 17.0.31903.59
MinimumVisualStudioVersion = 10.0.40219.1
Project("{FAE04EC0-301F-11D3-BF4B-00C04F79EFBC}") = "API", "API\API.csproj", "{68BF8860-57A6-4E62-8DBE-BFCFE77C41D9}"
EndProject
Project("{FAE04EC0-301F-11D3-BF4B-00C04F79EFBC}") = "Domain", "Domain\Domain.csproj", "{56146238-E211-4F9A-9A97-8D4F94CD9C49}"
EndProject
Project("{FAE04EC0-301F-11D3-BF4B-00C04F79EFBC}") = "Application", "Application\Application.csproj", "{F63E189B-C40C-47D4-9798-D32E9B9EE0C8}"
EndProject
Project("{FAE04EC0-301F-11D3-BF4B-00C04F79EFBC}") = "Persistence", "Persistence\Persistence.csproj", "{DC4C96B2-4279-4C63-A227-76F67D38A6BE}"
EndProject
Global
	GlobalSection(SolutionConfigurationPlatforms) = preSolution
		Debug|Any CPU = Debug|Any CPU
		Release|Any CPU = Release|Any CPU
	EndGlobalSection
	GlobalSection(SolutionProperties) = preSolution
		HideSolutionNode = FALSE
	EndGlobalSection
	GlobalSection(ProjectConfigurationPlatforms) = postSolution
		{68BF8860-57A6-4E62-8DBE-BFCFE77C41D9}.Debug|Any CPU.ActiveCfg = Debug|Any CPU
		{68BF8860-57A6-4E62-8DBE-BFCFE77C41D9}.Debug|Any CPU.Build.0 = Debug|Any CPU
		{68BF8860-57A6-4E62-8DBE-BFCFE77C41D9}.Release|Any CPU.ActiveCfg = Release|Any CPU
		{68BF8860-57A6-4E62-8DBE-BFCFE77C41D9}.Release|Any CPU.Build.0 = Release|Any CPU
		{56146238-E211-4F9A-9A97-8D4F94CD9C49}.Debug|Any CPU.ActiveCfg = Debug|Any CPU
		{56146238-E211-4F9A-9A97-8D4F94CD9C49}.Debug|Any CPU.Build.0 = Debug|Any CPU
		{56146238-E211-4F9A-9A97-8D4F94CD9C49}.Release|Any CPU.ActiveCfg = Release|Any CPU
		{56146238-E211-4F9A-9A97-8D4F94CD9C49}.Release|Any CPU.Build.0 = Release|Any CPU
		{F63E189B-C40C-47D4-9798-D32E9B9EE0C8}.Debug|Any CPU.ActiveCfg = Debug|Any CPU
		{F63E189B-C40C-47D4-9798-D32E9B9EE0C8}.Debug|Any CPU.Build.0 = Debug|Any CPU
		{F63E189B-C40C-47D4-9798-D32E9B9EE0C8}.Release|Any CPU.ActiveCfg = Release|Any CPU
		{F63E189B-C40C-47D4-9798-D32E9B9EE0C8}.Release|Any CPU.Build.0 = Release|Any CPU
		{DC4C96B2-4279-4C63-A227-76F67D38A6BE}.Debug|Any CPU.ActiveCfg = Debug|Any CPU
		{DC4C96B2-4279-4C63-A227-76F67D38A6BE}.Debug|Any CPU.Build.0 = Debug|Any CPU
		{DC4C96B2-4279-4C63-A227-76F67D38A6BE}.Release|Any CPU.ActiveCfg = Release|Any CPU
		{DC4C96B2-4279-4C63-A227-76F67D38A6BE}.Release|Any CPU.Build.0 = Release|Any CPU
	EndGlobalSection
EndGlobal
